
Microsoft Visual Studio Solution File, Format Version 12.00
# Visual Studio Version 16
VisualStudioVersion = 16.0.33423.256
MinimumVisualStudioVersion = 10.0.40219.1
Project("{FAE04EC0-301F-11D3-BF4B-00C04F79EFBC}") = "WPFDependencyProperty", "WPFDependencyProperty\WPFDependencyProperty.csproj", "{05EC907E-BA14-4738-AC73-92687ADBB6D9}"
EndProject
Global
	GlobalSection(SolutionConfigurationPlatforms) = preSolution
		Debug|Any CPU = Debug|Any CPU
		Release|Any CPU = Release|Any CPU
	EndGlobalSection
	GlobalSection(ProjectConfigurationPlatforms) = postSolution
		{05EC907E-BA14-4738-AC73-92687ADBB6D9}.Debug|Any CPU.ActiveCfg = Debug|Any CPU
		{05EC907E-BA14-4738-AC73-92687ADBB6D9}.Debug|Any CPU.Build.0 = Debug|Any CPU
		{05EC907E-BA14-4738-AC73-92687ADBB6D9}.Release|Any CPU.ActiveCfg = Release|Any CPU
		{05EC907E-BA14-4738-AC73-92687ADBB6D9}.Release|Any CPU.Build.0 = Release|Any CPU
	EndGlobalSection
	GlobalSection(SolutionProperties) = preSolution
		HideSolutionNode = FALSE
	EndGlobalSection
	GlobalSection(ExtensibilityGlobals) = postSolution
		SolutionGuid = {28E5909B-D96A-4EF6-B853-04AB335CC5A4}
	EndGlobalSection
EndGlobal
