
Microsoft Visual Studio Solution File, Format Version 12.00
# Visual Studio Version 16
VisualStudioVersion = 16.0.33423.256
MinimumVisualStudioVersion = 10.0.40219.1
Project("{FAE04EC0-301F-11D3-BF4B-00C04F79EFBC}") = "HellowWorldCoreWithVisualSutido", "HellowWorldCoreWithVisualSutido\HellowWorldCoreWithVisualSutido.csproj", "{2BD4BA6E-7FFF-4347-B964-09B25C31C43B}"
EndProject
Global
	GlobalSection(SolutionConfigurationPlatforms) = preSolution
		Debug|Any CPU = Debug|Any CPU
		Release|Any CPU = Release|Any CPU
	EndGlobalSection
	GlobalSection(ProjectConfigurationPlatforms) = postSolution
		{2BD4BA6E-7FFF-4347-B964-09B25C31C43B}.Debug|Any CPU.ActiveCfg = Debug|Any CPU
		{2BD4BA6E-7FFF-4347-B964-09B25C31C43B}.Debug|Any CPU.Build.0 = Debug|Any CPU
		{2BD4BA6E-7FFF-4347-B964-09B25C31C43B}.Release|Any CPU.ActiveCfg = Release|Any CPU
		{2BD4BA6E-7FFF-4347-B964-09B25C31C43B}.Release|Any CPU.Build.0 = Release|Any CPU
	EndGlobalSection
	GlobalSection(SolutionProperties) = preSolution
		HideSolutionNode = FALSE
	EndGlobalSection
	GlobalSection(ExtensibilityGlobals) = postSolution
		SolutionGuid = {684DFC9F-A1A0-4992-B8F3-3BB3CCA9C0A1}
	EndGlobalSection
EndGlobal
