
Microsoft Visual Studio Solution File, Format Version 12.00
# Visual Studio Version 16
VisualStudioVersion = 16.0.33423.256
MinimumVisualStudioVersion = 10.0.40219.1
Project("{FAE04EC0-301F-11D3-BF4B-00C04F79EFBC}") = "WPFTrigger1", "WPFTrigger1\WPFTrigger1.csproj", "{09907B80-0F7F-481C-93D9-7526307D9C3B}"
EndProject
Global
	GlobalSection(SolutionConfigurationPlatforms) = preSolution
		Debug|Any CPU = Debug|Any CPU
		Release|Any CPU = Release|Any CPU
	EndGlobalSection
	GlobalSection(ProjectConfigurationPlatforms) = postSolution
		{09907B80-0F7F-481C-93D9-7526307D9C3B}.Debug|Any CPU.ActiveCfg = Debug|Any CPU
		{09907B80-0F7F-481C-93D9-7526307D9C3B}.Debug|Any CPU.Build.0 = Debug|Any CPU
		{09907B80-0F7F-481C-93D9-7526307D9C3B}.Release|Any CPU.ActiveCfg = Release|Any CPU
		{09907B80-0F7F-481C-93D9-7526307D9C3B}.Release|Any CPU.Build.0 = Release|Any CPU
	EndGlobalSection
	GlobalSection(SolutionProperties) = preSolution
		HideSolutionNode = FALSE
	EndGlobalSection
	GlobalSection(ExtensibilityGlobals) = postSolution
		SolutionGuid = {A17CA983-7E82-4A43-B371-F93EECB821D1}
	EndGlobalSection
EndGlobal
