
Microsoft Visual Studio Solution File, Format Version 12.00
# Visual Studio Version 16
VisualStudioVersion = 16.0.33423.256
MinimumVisualStudioVersion = 10.0.40219.1
Project("{FAE04EC0-301F-11D3-BF4B-00C04F79EFBC}") = "WPFModernBoardSample", "WPFModernBoardSample\WPFModernBoardSample.csproj", "{2B001ED0-EFA7-4691-BD1A-DC4C88595694}"
EndProject
Global
	GlobalSection(SolutionConfigurationPlatforms) = preSolution
		Debug|Any CPU = Debug|Any CPU
		Release|Any CPU = Release|Any CPU
	EndGlobalSection
	GlobalSection(ProjectConfigurationPlatforms) = postSolution
		{2B001ED0-EFA7-4691-BD1A-DC4C88595694}.Debug|Any CPU.ActiveCfg = Debug|Any CPU
		{2B001ED0-EFA7-4691-BD1A-DC4C88595694}.Debug|Any CPU.Build.0 = Debug|Any CPU
		{2B001ED0-EFA7-4691-BD1A-DC4C88595694}.Release|Any CPU.ActiveCfg = Release|Any CPU
		{2B001ED0-EFA7-4691-BD1A-DC4C88595694}.Release|Any CPU.Build.0 = Release|Any CPU
	EndGlobalSection
	GlobalSection(SolutionProperties) = preSolution
		HideSolutionNode = FALSE
	EndGlobalSection
	GlobalSection(ExtensibilityGlobals) = postSolution
		SolutionGuid = {D2D2D1C9-21EA-43D1-9F26-4F945C55C257}
	EndGlobalSection
EndGlobal
